
Microsoft Visual Studio Solution File, Format Version 12.00
# Visual Studio Version 16
VisualStudioVersion = 16.0.34031.81
MinimumVisualStudioVersion = 10.0.40219.1
Project("{2150E333-8FDC-42A3-9474-1A3956D46DE8}") = "Task0", "Task0", "{DD5E0DAC-B0F4-43BA-A797-360E87A7BEED}"
EndProject
Project("{FAE04EC0-301F-11D3-BF4B-00C04F79EFBC}") = "Tyuiu.MedvedevKA.Sprint3.Task0.V1", "Tyuiu.MedvedevKA.Sprint3.Task0.V1\Tyuiu.MedvedevKA.Sprint3.Task0.V1.csproj", "{708206BD-363B-43D6-BB30-FCF969527795}"
EndProject
Project("{FAE04EC0-301F-11D3-BF4B-00C04F79EFBC}") = "Tyuiu.MedvedevKA.Sprint3.Task0.V1.Lib", "Tyuiu.MedvedevKA.Sprint3.Task0.V1.Lib\Tyuiu.MedvedevKA.Sprint3.Task0.V1.Lib.csproj", "{53641582-6971-4DCF-AC1F-C7FC5F36C453}"
EndProject
Project("{FAE04EC0-301F-11D3-BF4B-00C04F79EFBC}") = "Tyuiu.MedvedevKA.Sprint3.Task0.V1.Test", "Tyuiu.MedvedevKA.Sprint3.Task0.V1.Test\Tyuiu.MedvedevKA.Sprint3.Task0.V1.Test.csproj", "{4FBF01C2-4766-4E1E-88AF-49E27220A032}"
EndProject
Project("{2150E333-8FDC-42A3-9474-1A3956D46DE8}") = "Task1", "Task1", "{61B01534-20C4-4366-AE6C-60BC86C6C401}"
EndProject
Project("{FAE04EC0-301F-11D3-BF4B-00C04F79EFBC}") = "Tyuiu.MedvedevKA.Sprint3.Task1.V8", "Tyuiu.MedvedevKA.Sprint3.Task1.V8\Tyuiu.MedvedevKA.Sprint3.Task1.V8.csproj", "{30A26B49-5928-43C8-93D4-891EE3DCB109}"
EndProject
Project("{FAE04EC0-301F-11D3-BF4B-00C04F79EFBC}") = "Tyuiu.MedvedevKA.Sprint3.Task1.V8.Lib", "Tyuiu.MedvedevKA.Sprint3.Task1.V8.Lib\Tyuiu.MedvedevKA.Sprint3.Task1.V8.Lib.csproj", "{E1593265-71FA-44A4-BF5D-65588AB19D83}"
EndProject
Project("{FAE04EC0-301F-11D3-BF4B-00C04F79EFBC}") = "Tyuiu.MedvedevKA.Sprint3.Task1.V8.Test", "Tyuiu.MedvedevKA.Sprint3.Task1.V8.Test\Tyuiu.MedvedevKA.Sprint3.Task1.V8.Test.csproj", "{CDF68814-4AA5-4E7A-9A5C-B9DA83F78686}"
EndProject
Project("{2150E333-8FDC-42A3-9474-1A3956D46DE8}") = "Task2", "Task2", "{25A116E0-96B3-4334-9959-9066EFBA32FE}"
EndProject
Project("{FAE04EC0-301F-11D3-BF4B-00C04F79EFBC}") = "Tyuiu.MedvedevKA.Sprint3.Task2.V2", "Tyuiu.MedvedevKA.Sprint3.Task2.V2\Tyuiu.MedvedevKA.Sprint3.Task2.V2.csproj", "{5A2E522D-C3FF-4350-B01B-CA3DA814E023}"
EndProject
Project("{FAE04EC0-301F-11D3-BF4B-00C04F79EFBC}") = "Tyuiu.MedvedevKA.Sprint3.Task2.V2.Lib", "Tyuiu.MedvedevKA.Sprint3.Task2.V2.Lib\Tyuiu.MedvedevKA.Sprint3.Task2.V2.Lib.csproj", "{A56034D6-0C6B-4A09-9363-0802D12A7DAB}"
EndProject
Project("{FAE04EC0-301F-11D3-BF4B-00C04F79EFBC}") = "Tyuiu.MedvedevKA.Sprint3.Task2.V2.Test", "Tyuiu.MedvedevKA.Sprint3.Task2.V2.Test\Tyuiu.MedvedevKA.Sprint3.Task2.V2.Test.csproj", "{E50D0E4E-4CA3-427B-9A0F-EC6ADFB65586}"
EndProject
Global
	GlobalSection(SolutionConfigurationPlatforms) = preSolution
		Debug|Any CPU = Debug|Any CPU
		Release|Any CPU = Release|Any CPU
	EndGlobalSection
	GlobalSection(ProjectConfigurationPlatforms) = postSolution
		{708206BD-363B-43D6-BB30-FCF969527795}.Debug|Any CPU.ActiveCfg = Debug|Any CPU
		{708206BD-363B-43D6-BB30-FCF969527795}.Debug|Any CPU.Build.0 = Debug|Any CPU
		{708206BD-363B-43D6-BB30-FCF969527795}.Release|Any CPU.ActiveCfg = Release|Any CPU
		{708206BD-363B-43D6-BB30-FCF969527795}.Release|Any CPU.Build.0 = Release|Any CPU
		{53641582-6971-4DCF-AC1F-C7FC5F36C453}.Debug|Any CPU.ActiveCfg = Debug|Any CPU
		{53641582-6971-4DCF-AC1F-C7FC5F36C453}.Debug|Any CPU.Build.0 = Debug|Any CPU
		{53641582-6971-4DCF-AC1F-C7FC5F36C453}.Release|Any CPU.ActiveCfg = Release|Any CPU
		{53641582-6971-4DCF-AC1F-C7FC5F36C453}.Release|Any CPU.Build.0 = Release|Any CPU
		{4FBF01C2-4766-4E1E-88AF-49E27220A032}.Debug|Any CPU.ActiveCfg = Debug|Any CPU
		{4FBF01C2-4766-4E1E-88AF-49E27220A032}.Debug|Any CPU.Build.0 = Debug|Any CPU
		{4FBF01C2-4766-4E1E-88AF-49E27220A032}.Release|Any CPU.ActiveCfg = Release|Any CPU
		{4FBF01C2-4766-4E1E-88AF-49E27220A032}.Release|Any CPU.Build.0 = Release|Any CPU
		{30A26B49-5928-43C8-93D4-891EE3DCB109}.Debug|Any CPU.ActiveCfg = Debug|Any CPU
		{30A26B49-5928-43C8-93D4-891EE3DCB109}.Debug|Any CPU.Build.0 = Debug|Any CPU
		{30A26B49-5928-43C8-93D4-891EE3DCB109}.Release|Any CPU.ActiveCfg = Release|Any CPU
		{30A26B49-5928-43C8-93D4-891EE3DCB109}.Release|Any CPU.Build.0 = Release|Any CPU
		{E1593265-71FA-44A4-BF5D-65588AB19D83}.Debug|Any CPU.ActiveCfg = Debug|Any CPU
		{E1593265-71FA-44A4-BF5D-65588AB19D83}.Debug|Any CPU.Build.0 = Debug|Any CPU
		{E1593265-71FA-44A4-BF5D-65588AB19D83}.Release|Any CPU.ActiveCfg = Release|Any CPU
		{E1593265-71FA-44A4-BF5D-65588AB19D83}.Release|Any CPU.Build.0 = Release|Any CPU
		{CDF68814-4AA5-4E7A-9A5C-B9DA83F78686}.Debug|Any CPU.ActiveCfg = Debug|Any CPU
		{CDF68814-4AA5-4E7A-9A5C-B9DA83F78686}.Debug|Any CPU.Build.0 = Debug|Any CPU
		{CDF68814-4AA5-4E7A-9A5C-B9DA83F78686}.Release|Any CPU.ActiveCfg = Release|Any CPU
		{CDF68814-4AA5-4E7A-9A5C-B9DA83F78686}.Release|Any CPU.Build.0 = Release|Any CPU
		{5A2E522D-C3FF-4350-B01B-CA3DA814E023}.Debug|Any CPU.ActiveCfg = Debug|Any CPU
		{5A2E522D-C3FF-4350-B01B-CA3DA814E023}.Debug|Any CPU.Build.0 = Debug|Any CPU
		{5A2E522D-C3FF-4350-B01B-CA3DA814E023}.Release|Any CPU.ActiveCfg = Release|Any CPU
		{5A2E522D-C3FF-4350-B01B-CA3DA814E023}.Release|Any CPU.Build.0 = Release|Any CPU
		{A56034D6-0C6B-4A09-9363-0802D12A7DAB}.Debug|Any CPU.ActiveCfg = Debug|Any CPU
		{A56034D6-0C6B-4A09-9363-0802D12A7DAB}.Debug|Any CPU.Build.0 = Debug|Any CPU
		{A56034D6-0C6B-4A09-9363-0802D12A7DAB}.Release|Any CPU.ActiveCfg = Release|Any CPU
		{A56034D6-0C6B-4A09-9363-0802D12A7DAB}.Release|Any CPU.Build.0 = Release|Any CPU
		{E50D0E4E-4CA3-427B-9A0F-EC6ADFB65586}.Debug|Any CPU.ActiveCfg = Debug|Any CPU
		{E50D0E4E-4CA3-427B-9A0F-EC6ADFB65586}.Debug|Any CPU.Build.0 = Debug|Any CPU
		{E50D0E4E-4CA3-427B-9A0F-EC6ADFB65586}.Release|Any CPU.ActiveCfg = Release|Any CPU
		{E50D0E4E-4CA3-427B-9A0F-EC6ADFB65586}.Release|Any CPU.Build.0 = Release|Any CPU
	EndGlobalSection
	GlobalSection(SolutionProperties) = preSolution
		HideSolutionNode = FALSE
	EndGlobalSection
	GlobalSection(NestedProjects) = preSolution
		{708206BD-363B-43D6-BB30-FCF969527795} = {DD5E0DAC-B0F4-43BA-A797-360E87A7BEED}
		{53641582-6971-4DCF-AC1F-C7FC5F36C453} = {DD5E0DAC-B0F4-43BA-A797-360E87A7BEED}
		{4FBF01C2-4766-4E1E-88AF-49E27220A032} = {DD5E0DAC-B0F4-43BA-A797-360E87A7BEED}
		{30A26B49-5928-43C8-93D4-891EE3DCB109} = {61B01534-20C4-4366-AE6C-60BC86C6C401}
		{E1593265-71FA-44A4-BF5D-65588AB19D83} = {61B01534-20C4-4366-AE6C-60BC86C6C401}
		{CDF68814-4AA5-4E7A-9A5C-B9DA83F78686} = {61B01534-20C4-4366-AE6C-60BC86C6C401}
		{5A2E522D-C3FF-4350-B01B-CA3DA814E023} = {25A116E0-96B3-4334-9959-9066EFBA32FE}
		{A56034D6-0C6B-4A09-9363-0802D12A7DAB} = {25A116E0-96B3-4334-9959-9066EFBA32FE}
		{E50D0E4E-4CA3-427B-9A0F-EC6ADFB65586} = {25A116E0-96B3-4334-9959-9066EFBA32FE}
	EndGlobalSection
	GlobalSection(ExtensibilityGlobals) = postSolution
		SolutionGuid = {1BA0F8EA-7775-4B9B-B2D0-FFA248086C5E}
	EndGlobalSection
EndGlobal
